{
    "version": 3,
    "terraform_version": "0.11.10",
    "serial": 6,
    "lineage": "be1db72c-49bf-523f-a1f0-38caffa66456",
    "modules": [
        {
            "path": [
                "root"
            ],
            "outputs": {},
            "resources": {
                "aws_alb.alb-staging-demo": {
                    "type": "aws_alb",
                    "depends_on": [
                        "aws_security_group.load_balancers",
                        "aws_subnet.main",
                        "aws_subnet.secondary"
                    ],
                    "primary": {
                        "id": "arn:aws:elasticloadbalancing:ap-southeast-2:637448200351:loadbalancer/app/alb-staging-demo/d702a1e0d29d97e4",
                        "attributes": {
                            "access_logs.#": "0",
                            "arn": "arn:aws:elasticloadbalancing:ap-southeast-2:637448200351:loadbalancer/app/alb-staging-demo/d702a1e0d29d97e4",
                            "arn_suffix": "app/alb-staging-demo/d702a1e0d29d97e4",
                            "dns_name": "alb-staging-demo-1523885018.ap-southeast-2.elb.amazonaws.com",
                            "enable_deletion_protection": "false",
                            "enable_http2": "true",
                            "id": "arn:aws:elasticloadbalancing:ap-southeast-2:637448200351:loadbalancer/app/alb-staging-demo/d702a1e0d29d97e4",
                            "idle_timeout": "30",
                            "internal": "false",
                            "ip_address_type": "ipv4",
                            "load_balancer_type": "application",
                            "name": "alb-staging-demo",
                            "security_groups.#": "1",
                            "security_groups.3367570006": "sg-0e414b8e0ce07633e",
                            "subnet_mapping.#": "0",
                            "subnets.#": "2",
                            "subnets.2002199537": "subnet-01eda9bd670a71d55",
                            "subnets.3596886108": "subnet-07e91152a4f093d5c",
                            "tags.%": "0",
                            "vpc_id": "vpc-0ddcb355cc2daa761",
                            "zone_id": "Z1GM3OXH4ZPM65"
                        },
                        "meta": {
                            "e2bfb730-ecaa-11e6-8f88-34363bc7c4c0": {
                                "create": 600000000000,
                                "delete": 600000000000,
                                "update": 600000000000
                            }
                        },
                        "tainted": false
                    },
                    "deposed": [],
                    "provider": "provider.aws"
                },
                "aws_alb_listener.demo-web-listener": {
                    "type": "aws_alb_listener",
                    "depends_on": [
                        "aws_alb.alb-staging-demo"
                    ],
                    "primary": {
                        "id": "arn:aws:elasticloadbalancing:ap-southeast-2:637448200351:listener/app/alb-staging-demo/d702a1e0d29d97e4/1ba2c7d897d61532",
                        "attributes": {
                            "arn": "arn:aws:elasticloadbalancing:ap-southeast-2:637448200351:listener/app/alb-staging-demo/d702a1e0d29d97e4/1ba2c7d897d61532",
                            "default_action.#": "1",
                            "default_action.0.authenticate_cognito.#": "0",
                            "default_action.0.authenticate_oidc.#": "0",
                            "default_action.0.fixed_response.#": "0",
                            "default_action.0.order": "1",
                            "default_action.0.redirect.#": "1",
                            "default_action.0.redirect.0.host": "www.google.com",
                            "default_action.0.redirect.0.path": "/#{path}",
                            "default_action.0.redirect.0.port": "443",
                            "default_action.0.redirect.0.protocol": "HTTPS",
                            "default_action.0.redirect.0.query": "#{query}",
                            "default_action.0.redirect.0.status_code": "HTTP_301",
                            "default_action.0.target_group_arn": "",
                            "default_action.0.type": "redirect",
                            "id": "arn:aws:elasticloadbalancing:ap-southeast-2:637448200351:listener/app/alb-staging-demo/d702a1e0d29d97e4/1ba2c7d897d61532",
                            "load_balancer_arn": "arn:aws:elasticloadbalancing:ap-southeast-2:637448200351:loadbalancer/app/alb-staging-demo/d702a1e0d29d97e4",
                            "port": "80",
                            "protocol": "HTTP",
                            "ssl_policy": ""
                        },
                        "meta": {
                            "e2bfb730-ecaa-11e6-8f88-34363bc7c4c0": {
                                "read": 600000000000
                            }
                        },
                        "tainted": false
                    },
                    "deposed": [],
                    "provider": "provider.aws"
                },
                "aws_alb_target_group.tg-demoweb": {
                    "type": "aws_alb_target_group",
                    "depends_on": [
                        "aws_alb.alb-staging-demo",
                        "aws_vpc.main"
                    ],
                    "primary": {
                        "id": "arn:aws:elasticloadbalancing:ap-southeast-2:637448200351:targetgroup/tg-demoweb/4f472e6d0324accd",
                        "attributes": {
                            "arn": "arn:aws:elasticloadbalancing:ap-southeast-2:637448200351:targetgroup/tg-demoweb/4f472e6d0324accd",
                            "arn_suffix": "targetgroup/tg-demoweb/4f472e6d0324accd",
                            "deregistration_delay": "30",
                            "health_check.#": "1",
                            "health_check.0.healthy_threshold": "3",
                            "health_check.0.interval": "5",
                            "health_check.0.matcher": "200",
                            "health_check.0.path": "/health",
                            "health_check.0.port": "traffic-port",
                            "health_check.0.protocol": "HTTP",
                            "health_check.0.timeout": "3",
                            "health_check.0.unhealthy_threshold": "2",
                            "id": "arn:aws:elasticloadbalancing:ap-southeast-2:637448200351:targetgroup/tg-demoweb/4f472e6d0324accd",
                            "name": "tg-demoweb",
                            "port": "80",
                            "protocol": "HTTP",
                            "proxy_protocol_v2": "false",
                            "slow_start": "0",
                            "stickiness.#": "1",
                            "stickiness.0.cookie_duration": "86400",
                            "stickiness.0.enabled": "false",
                            "stickiness.0.type": "lb_cookie",
                            "tags.%": "0",
                            "target_type": "instance",
                            "vpc_id": "vpc-0ddcb355cc2daa761"
                        },
                        "meta": {},
                        "tainted": false
                    },
                    "deposed": [],
                    "provider": "provider.aws"
                },
                "aws_autoscaling_group.ecs-cluster": {
                    "type": "aws_autoscaling_group",
                    "depends_on": [
                        "aws_launch_configuration.ecs",
                        "aws_subnet.main"
                    ],
                    "primary": {
                        "id": "ECS staging",
                        "attributes": {
                            "arn": "arn:aws:autoscaling:ap-southeast-2:637448200351:autoScalingGroup:8b3d1639-df84-40f1-87c5-cfd09c5036eb:autoScalingGroupName/ECS staging",
                            "availability_zones.#": "1",
                            "availability_zones.3148583350": "ap-southeast-2a",
                            "default_cooldown": "300",
                            "desired_capacity": "2",
                            "enabled_metrics.#": "0",
                            "force_delete": "false",
                            "health_check_grace_period": "300",
                            "health_check_type": "EC2",
                            "id": "ECS staging",
                            "launch_configuration": "ECS staging-20181201000841772900000001",
                            "launch_template.#": "0",
                            "load_balancers.#": "0",
                            "max_size": "2",
                            "metrics_granularity": "1Minute",
                            "min_size": "1",
                            "mixed_instances_policy.#": "0",
                            "name": "ECS staging",
                            "placement_group": "",
                            "protect_from_scale_in": "false",
                            "service_linked_role_arn": "arn:aws:iam::637448200351:role/aws-service-role/autoscaling.amazonaws.com/AWSServiceRoleForAutoScaling",
                            "suspended_processes.#": "0",
                            "tag.#": "0",
                            "target_group_arns.#": "0",
                            "termination_policies.#": "0",
                            "vpc_zone_identifier.#": "1",
                            "vpc_zone_identifier.2002199537": "subnet-01eda9bd670a71d55",
                            "wait_for_capacity_timeout": "10m"
                        },
                        "meta": {
                            "e2bfb730-ecaa-11e6-8f88-34363bc7c4c0": {
                                "delete": 600000000000
                            }
                        },
                        "tainted": false
                    },
                    "deposed": [],
                    "provider": "provider.aws"
                },
                "aws_db_instance.default": {
                    "type": "aws_db_instance",
                    "depends_on": [
                        "aws_db_subnet_group.rdsmain_private",
                        "aws_security_group.allow_postgres"
                    ],
                    "primary": {
                        "id": "terraform-20181201001455891100000001",
                        "attributes": {
                            "address": "terraform-20181201001455891100000001.cu85rbsro21i.ap-southeast-2.rds.amazonaws.com",
                            "allocated_storage": "20",
                            "arn": "arn:aws:rds:ap-southeast-2:637448200351:db:terraform-20181201001455891100000001",
                            "auto_minor_version_upgrade": "true",
                            "availability_zone": "ap-southeast-2c",
                            "backup_retention_period": "0",
                            "backup_window": "15:08-15:38",
                            "ca_cert_identifier": "rds-ca-2015",
                            "copy_tags_to_snapshot": "false",
                            "db_subnet_group_name": "rdsmain-private",
                            "deletion_protection": "false",
                            "domain": "",
                            "domain_iam_role_name": "",
                            "enabled_cloudwatch_logs_exports.#": "0",
                            "endpoint": "terraform-20181201001455891100000001.cu85rbsro21i.ap-southeast-2.rds.amazonaws.com:5432",
                            "engine": "postgres",
                            "engine_version": "9.6.6",
                            "hosted_zone_id": "Z32T0VRHXEXS0V",
                            "iam_database_authentication_enabled": "false",
                            "id": "terraform-20181201001455891100000001",
                            "identifier": "terraform-20181201001455891100000001",
                            "instance_class": "db.t2.micro",
                            "iops": "0",
                            "kms_key_id": "",
                            "license_model": "postgresql-license",
                            "maintenance_window": "sat:18:27-sat:18:57",
                            "monitoring_interval": "0",
                            "multi_az": "false",
                            "name": "stagingpostgres",
                            "option_group_name": "default:postgres-9-6",
                            "parameter_group_name": "default.postgres9.6",
                            "password": "never_use_this_in_your_app",
                            "port": "5432",
                            "publicly_accessible": "true",
                            "replicas.#": "0",
                            "replicate_source_db": "",
                            "resource_id": "db-CWT2R7VD53ENE4H73DV5MZN33A",
                            "security_group_names.#": "0",
                            "skip_final_snapshot": "false",
                            "status": "available",
                            "storage_encrypted": "false",
                            "storage_type": "gp2",
                            "tags.%": "0",
                            "timezone": "",
                            "username": "admin_user",
                            "vpc_security_group_ids.#": "1",
                            "vpc_security_group_ids.2231541105": "sg-0c557cd56b7d4335c"
                        },
                        "meta": {
                            "e2bfb730-ecaa-11e6-8f88-34363bc7c4c0": {
                                "create": 2400000000000,
                                "delete": 2400000000000,
                                "update": 4800000000000
                            }
                        },
                        "tainted": false
                    },
                    "deposed": [],
                    "provider": "provider.aws"
                },
                "aws_db_subnet_group.rdsmain_private": {
                    "type": "aws_db_subnet_group",
                    "depends_on": [
                        "aws_subnet.main",
                        "aws_subnet.secondary"
                    ],
                    "primary": {
                        "id": "rdsmain-private",
                        "attributes": {
                            "arn": "arn:aws:rds:ap-southeast-2:637448200351:subgrp:rdsmain-private",
                            "description": "Private subnets for RDS instance",
                            "id": "rdsmain-private",
                            "name": "rdsmain-private",
                            "subnet_ids.#": "2",
                            "subnet_ids.2002199537": "subnet-01eda9bd670a71d55",
                            "subnet_ids.3596886108": "subnet-07e91152a4f093d5c",
                            "tags.%": "0"
                        },
                        "meta": {},
                        "tainted": false
                    },
                    "deposed": [],
                    "provider": "provider.aws"
                },
                "aws_ecs_cluster.main": {
                    "type": "aws_ecs_cluster",
                    "depends_on": [],
                    "primary": {
                        "id": "arn:aws:ecs:ap-southeast-2:637448200351:cluster/staging-demo-cluster",
                        "attributes": {
                            "arn": "arn:aws:ecs:ap-southeast-2:637448200351:cluster/staging-demo-cluster",
                            "id": "arn:aws:ecs:ap-southeast-2:637448200351:cluster/staging-demo-cluster",
                            "name": "staging-demo-cluster",
                            "tags.%": "0"
                        },
                        "meta": {},
                        "tainted": false
                    },
                    "deposed": [],
                    "provider": "provider.aws"
                },
                "aws_ecs_service.demoweb": {
                    "type": "aws_ecs_service",
                    "depends_on": [
                        "aws_alb_target_group.tg-demoweb",
                        "aws_ecs_cluster.main",
                        "aws_ecs_task_definition.demoweb",
                        "aws_iam_role_policy.ecs_service_role_policy"
                    ],
                    "primary": {
                        "id": "arn:aws:ecs:ap-southeast-2:637448200351:service/demoweb",
                        "attributes": {
                            "cluster": "arn:aws:ecs:ap-southeast-2:637448200351:cluster/staging-demo-cluster",
                            "deployment_controller.#": "1",
                            "deployment_controller.0.type": "ECS",
                            "deployment_maximum_percent": "200",
                            "deployment_minimum_healthy_percent": "100",
                            "desired_count": "1",
                            "enable_ecs_managed_tags": "false",
                            "health_check_grace_period_seconds": "0",
                            "iam_role": "aws-service-role",
                            "id": "arn:aws:ecs:ap-southeast-2:637448200351:service/demoweb",
                            "launch_type": "EC2",
                            "load_balancer.#": "1",
                            "load_balancer.3638135979.container_name": "demoweb",
                            "load_balancer.3638135979.container_port": "4000",
                            "load_balancer.3638135979.elb_name": "",
                            "load_balancer.3638135979.target_group_arn": "arn:aws:elasticloadbalancing:ap-southeast-2:637448200351:targetgroup/tg-demoweb/4f472e6d0324accd",
                            "name": "demoweb",
                            "network_configuration.#": "0",
                            "ordered_placement_strategy.#": "0",
                            "placement_constraints.#": "0",
                            "scheduling_strategy": "REPLICA",
                            "service_registries.#": "0",
                            "tags.%": "0",
                            "task_definition": "arn:aws:ecs:ap-southeast-2:637448200351:task-definition/demoweb:1"
                        },
                        "meta": {},
                        "tainted": false
                    },
                    "deposed": [],
                    "provider": "provider.aws"
                },
                "aws_ecs_task_definition.demoweb": {
                    "type": "aws_ecs_task_definition",
                    "depends_on": [],
                    "primary": {
                        "id": "demoweb",
                        "attributes": {
                            "arn": "arn:aws:ecs:ap-southeast-2:637448200351:task-definition/demoweb:1",
                            "container_definitions": "[{\"command\":[],\"cpu\":10,\"entryPoint\":[],\"environment\":[{\"name\":\"ASPNETCORE_ENVIRONMENT\",\"value\":\"Production\"}],\"essential\":true,\"image\":\"637448200351.dkr.ecr.ap-southeast-2.amazonaws.com/damianmac/demoweb\",\"links\":[],\"memory\":512,\"mountPoints\":[],\"name\":\"demoweb\",\"portMappings\":[{\"containerPort\":4000,\"hostPort\":4000,\"protocol\":\"tcp\"}],\"volumesFrom\":[]}]",
                            "cpu": "",
                            "execution_role_arn": "",
                            "family": "demoweb",
                            "id": "demoweb",
                            "memory": "",
                            "network_mode": "",
                            "placement_constraints.#": "0",
                            "requires_compatibilities.#": "0",
                            "revision": "1",
                            "tags.%": "0",
                            "task_role_arn": "",
                            "volume.#": "0"
                        },
                        "meta": {
                            "schema_version": "1"
                        },
                        "tainted": false
                    },
                    "deposed": [],
                    "provider": "provider.aws"
                },
                "aws_iam_instance_profile.ecs": {
                    "type": "aws_iam_instance_profile",
                    "depends_on": [
                        "aws_iam_role.ecs_host_role"
                    ],
                    "primary": {
                        "id": "ecs-instance-profile",
                        "attributes": {
                            "arn": "arn:aws:iam::637448200351:instance-profile/ecs-instance-profile",
                            "create_date": "2018-12-01T00:08:28Z",
                            "id": "ecs-instance-profile",
                            "name": "ecs-instance-profile",
                            "path": "/",
                            "role": "ecs_host_role",
                            "roles.#": "1",
                            "roles.60187046": "ecs_host_role",
                            "unique_id": "AIPAIFSJT5R67GFNV26SK"
                        },
                        "meta": {},
                        "tainted": false
                    },
                    "deposed": [],
                    "provider": "provider.aws"
                },
                "aws_iam_role.ecs_host_role": {
                    "type": "aws_iam_role",
                    "depends_on": [],
                    "primary": {
                        "id": "ecs_host_role",
                        "attributes": {
                            "arn": "arn:aws:iam::637448200351:role/ecs_host_role",
                            "assume_role_policy": "{\"Version\":\"2008-10-17\",\"Statement\":[{\"Effect\":\"Allow\",\"Principal\":{\"Service\":[\"ec2.amazonaws.com\",\"ecs.amazonaws.com\"]},\"Action\":\"sts:AssumeRole\"}]}",
                            "create_date": "2018-12-01T00:08:25Z",
                            "description": "",
                            "force_detach_policies": "false",
                            "id": "ecs_host_role",
                            "max_session_duration": "3600",
                            "name": "ecs_host_role",
                            "path": "/",
                            "tags.%": "0",
                            "unique_id": "AROAIYGOBRT7ZDIERYHC6"
                        },
                        "meta": {},
                        "tainted": false
                    },
                    "deposed": [],
                    "provider": "provider.aws"
                },
                "aws_iam_role.ecs_service_role": {
                    "type": "aws_iam_role",
                    "depends_on": [],
                    "primary": {
                        "id": "ecs_service_role",
                        "attributes": {
                            "arn": "arn:aws:iam::637448200351:role/ecs_service_role",
                            "assume_role_policy": "{\"Version\":\"2008-10-17\",\"Statement\":[{\"Effect\":\"Allow\",\"Principal\":{\"Service\":[\"ecs.amazonaws.com\",\"ec2.amazonaws.com\"]},\"Action\":\"sts:AssumeRole\"}]}",
                            "create_date": "2018-12-01T00:08:25Z",
                            "description": "",
                            "force_detach_policies": "false",
                            "id": "ecs_service_role",
                            "max_session_duration": "3600",
                            "name": "ecs_service_role",
                            "path": "/",
                            "tags.%": "0",
                            "unique_id": "AROAJKTZPXYZQQMYEHOWK"
                        },
                        "meta": {},
                        "tainted": false
                    },
                    "deposed": [],
                    "provider": "provider.aws"
                },
                "aws_iam_role_policy.ecs_instance_role_policy": {
                    "type": "aws_iam_role_policy",
                    "depends_on": [
                        "aws_iam_role.ecs_host_role"
                    ],
                    "primary": {
                        "id": "ecs_host_role:ecs_instance_role_policy",
                        "attributes": {
                            "id": "ecs_host_role:ecs_instance_role_policy",
                            "name": "ecs_instance_role_policy",
                            "policy": "{\n  \"Version\": \"2012-10-17\",\n  \"Statement\": [\n    {\n      \"Effect\": \"Allow\",\n      \"Action\": [\n        \"ecs:CreateCluster\",\n        \"ecs:DeregisterContainerInstance\",\n        \"ecs:DiscoverPollEndpoint\",\n        \"ecs:Poll\",\n        \"ecs:RegisterContainerInstance\",\n        \"ecs:StartTelemetrySession\",\n        \"ecs:Submit*\",\n        \"ecs:StartTask\",\n        \"ecr:BatchCheckLayerAvailability\",\n        \"ecr:BatchGetImage\",\n        \"ecr:GetDownloadUrlForLayer\",\n        \"ecr:GetAuthorizationToken\"\n      ],\n      \"Resource\": \"*\"\n    }\n  ]\n}",
                            "role": "ecs_host_role"
                        },
                        "meta": {},
                        "tainted": false
                    },
                    "deposed": [],
                    "provider": "provider.aws"
                },
                "aws_iam_role_policy.ecs_service_role_policy": {
                    "type": "aws_iam_role_policy",
                    "depends_on": [
                        "aws_iam_role.ecs_service_role"
                    ],
                    "primary": {
                        "id": "ecs_service_role:ecs_service_role_policy",
                        "attributes": {
                            "id": "ecs_service_role:ecs_service_role_policy",
                            "name": "ecs_service_role_policy",
                            "policy": "{\n  \"Version\": \"2012-10-17\",\n  \"Statement\": [\n    {\n      \"Effect\": \"Allow\",\n      \"Action\": [\n        \"elasticloadbalancing:Describe*\",\n        \"elasticloadbalancing:DeregisterInstancesFromLoadBalancer\",\n        \"elasticloadbalancing:RegisterInstancesWithLoadBalancer\",\n        \"ec2:Describe*\",\n        \"ec2:AuthorizeSecurityGroupIngress\",\n        \"elasticloadbalancing:RegisterTargets\",\n        \"elasticloadbalancing:DeregisterTargets\"\n      ],\n      \"Resource\": [\n        \"*\"\n      ]\n    }\n  ]\n}",
                            "role": "ecs_service_role"
                        },
                        "meta": {},
                        "tainted": false
                    },
                    "deposed": [],
                    "provider": "provider.aws"
                },
                "aws_internet_gateway.main": {
                    "type": "aws_internet_gateway",
                    "depends_on": [
                        "aws_vpc.main"
                    ],
                    "primary": {
                        "id": "igw-03c4fed7bbc4c6553",
                        "attributes": {
                            "id": "igw-03c4fed7bbc4c6553",
                            "tags.%": "0",
                            "vpc_id": "vpc-0ddcb355cc2daa761"
                        },
                        "meta": {},
                        "tainted": false
                    },
                    "deposed": [],
                    "provider": "provider.aws"
                },
                "aws_launch_configuration.ecs": {
                    "type": "aws_launch_configuration",
                    "depends_on": [
                        "aws_iam_instance_profile.ecs",
                        "aws_security_group.ecs-staging"
                    ],
                    "primary": {
                        "id": "ECS staging-20181201000841772900000001",
                        "attributes": {
                            "associate_public_ip_address": "true",
                            "ebs_block_device.#": "0",
                            "ebs_optimized": "false",
                            "enable_monitoring": "true",
                            "ephemeral_block_device.#": "0",
                            "iam_instance_profile": "ecs-instance-profile",
                            "id": "ECS staging-20181201000841772900000001",
                            "image_id": "ami-efda148d",
                            "instance_type": "t2.medium",
                            "key_name": "",
                            "name": "ECS staging-20181201000841772900000001",
                            "name_prefix": "ECS staging-",
                            "root_block_device.#": "0",
                            "security_groups.#": "1",
                            "security_groups.677480656": "sg-00857d8d4942bd6ef",
                            "spot_price": "",
                            "user_data": "6f16885c25e1fa4bbd5f51147ef629e62d11922c",
                            "vpc_classic_link_id": "",
                            "vpc_classic_link_security_groups.#": "0"
                        },
                        "meta": {},
                        "tainted": false
                    },
                    "deposed": [],
                    "provider": "provider.aws"
                },
                "aws_lb_listener_rule.demoweb-listener-rule": {
                    "type": "aws_lb_listener_rule",
                    "depends_on": [
                        "aws_alb_listener.demo-web-listener",
                        "aws_alb_target_group.tg-demoweb"
                    ],
                    "primary": {
                        "id": "arn:aws:elasticloadbalancing:ap-southeast-2:637448200351:listener-rule/app/alb-staging-demo/d702a1e0d29d97e4/1ba2c7d897d61532/bd747209790b4716",
                        "attributes": {
                            "action.#": "1",
                            "action.0.authenticate_cognito.#": "0",
                            "action.0.authenticate_oidc.#": "0",
                            "action.0.fixed_response.#": "0",
                            "action.0.order": "1",
                            "action.0.redirect.#": "0",
                            "action.0.target_group_arn": "arn:aws:elasticloadbalancing:ap-southeast-2:637448200351:targetgroup/tg-demoweb/4f472e6d0324accd",
                            "action.0.type": "forward",
                            "arn": "arn:aws:elasticloadbalancing:ap-southeast-2:637448200351:listener-rule/app/alb-staging-demo/d702a1e0d29d97e4/1ba2c7d897d61532/bd747209790b4716",
                            "condition.#": "1",
                            "condition.1746742835.field": "path-pattern",
                            "condition.1746742835.values.#": "1",
                            "condition.1746742835.values.0": "*",
                            "id": "arn:aws:elasticloadbalancing:ap-southeast-2:637448200351:listener-rule/app/alb-staging-demo/d702a1e0d29d97e4/1ba2c7d897d61532/bd747209790b4716",
                            "listener_arn": "arn:aws:elasticloadbalancing:ap-southeast-2:637448200351:listener/app/alb-staging-demo/d702a1e0d29d97e4/1ba2c7d897d61532",
                            "priority": "98"
                        },
                        "meta": {},
                        "tainted": false
                    },
                    "deposed": [],
                    "provider": "provider.aws"
                },
                "aws_route_table.external": {
                    "type": "aws_route_table",
                    "depends_on": [
                        "aws_internet_gateway.main",
                        "aws_vpc.main"
                    ],
                    "primary": {
                        "id": "rtb-0c9f6ce3e6b6ccc5a",
                        "attributes": {
                            "id": "rtb-0c9f6ce3e6b6ccc5a",
                            "propagating_vgws.#": "0",
                            "route.#": "1",
                            "route.4226747249.cidr_block": "0.0.0.0/0",
                            "route.4226747249.egress_only_gateway_id": "",
                            "route.4226747249.gateway_id": "igw-03c4fed7bbc4c6553",
                            "route.4226747249.instance_id": "",
                            "route.4226747249.ipv6_cidr_block": "",
                            "route.4226747249.nat_gateway_id": "",
                            "route.4226747249.network_interface_id": "",
                            "route.4226747249.transit_gateway_id": "",
                            "route.4226747249.vpc_peering_connection_id": "",
                            "tags.%": "0",
                            "vpc_id": "vpc-0ddcb355cc2daa761"
                        },
                        "meta": {},
                        "tainted": false
                    },
                    "deposed": [],
                    "provider": "provider.aws"
                },
                "aws_route_table_association.external-main": {
                    "type": "aws_route_table_association",
                    "depends_on": [
                        "aws_route_table.external",
                        "aws_subnet.main"
                    ],
                    "primary": {
                        "id": "rtbassoc-0adc6096fc07e1271",
                        "attributes": {
                            "id": "rtbassoc-0adc6096fc07e1271",
                            "route_table_id": "rtb-0c9f6ce3e6b6ccc5a",
                            "subnet_id": "subnet-01eda9bd670a71d55"
                        },
                        "meta": {},
                        "tainted": false
                    },
                    "deposed": [],
                    "provider": "provider.aws"
                },
                "aws_route_table_association.external-secondary": {
                    "type": "aws_route_table_association",
                    "depends_on": [
                        "aws_route_table.external",
                        "aws_subnet.secondary"
                    ],
                    "primary": {
                        "id": "rtbassoc-0feb3f12411c0de8f",
                        "attributes": {
                            "id": "rtbassoc-0feb3f12411c0de8f",
                            "route_table_id": "rtb-0c9f6ce3e6b6ccc5a",
                            "subnet_id": "subnet-07e91152a4f093d5c"
                        },
                        "meta": {},
                        "tainted": false
                    },
                    "deposed": [],
                    "provider": "provider.aws"
                },
                "aws_security_group.allow_postgres": {
                    "type": "aws_security_group",
                    "depends_on": [
                        "aws_vpc.main"
                    ],
                    "primary": {
                        "id": "sg-0c557cd56b7d4335c",
                        "attributes": {
                            "arn": "arn:aws:ec2:ap-southeast-2:637448200351:security-group/sg-0c557cd56b7d4335c",
                            "description": "Allow postgres inbound traffic",
                            "egress.#": "1",
                            "egress.482069346.cidr_blocks.#": "1",
                            "egress.482069346.cidr_blocks.0": "0.0.0.0/0",
                            "egress.482069346.description": "",
                            "egress.482069346.from_port": "0",
                            "egress.482069346.ipv6_cidr_blocks.#": "0",
                            "egress.482069346.prefix_list_ids.#": "0",
                            "egress.482069346.protocol": "-1",
                            "egress.482069346.security_groups.#": "0",
                            "egress.482069346.self": "false",
                            "egress.482069346.to_port": "0",
                            "id": "sg-0c557cd56b7d4335c",
                            "ingress.#": "1",
                            "ingress.761371496.cidr_blocks.#": "1",
                            "ingress.761371496.cidr_blocks.0": "0.0.0.0/0",
                            "ingress.761371496.description": "",
                            "ingress.761371496.from_port": "5432",
                            "ingress.761371496.ipv6_cidr_blocks.#": "0",
                            "ingress.761371496.prefix_list_ids.#": "0",
                            "ingress.761371496.protocol": "tcp",
                            "ingress.761371496.security_groups.#": "0",
                            "ingress.761371496.self": "false",
                            "ingress.761371496.to_port": "5432",
                            "name": "allow_postgres",
                            "owner_id": "637448200351",
                            "revoke_rules_on_delete": "false",
                            "tags.%": "0",
                            "vpc_id": "vpc-0ddcb355cc2daa761"
                        },
                        "meta": {
                            "e2bfb730-ecaa-11e6-8f88-34363bc7c4c0": {
                                "create": 600000000000,
                                "delete": 600000000000
                            },
                            "schema_version": "1"
                        },
                        "tainted": false
                    },
                    "deposed": [],
                    "provider": "provider.aws"
                },
                "aws_security_group.ecs-staging": {
                    "type": "aws_security_group",
                    "depends_on": [
                        "aws_security_group.load_balancers",
                        "aws_vpc.main"
                    ],
                    "primary": {
                        "id": "sg-00857d8d4942bd6ef",
                        "attributes": {
                            "arn": "arn:aws:ec2:ap-southeast-2:637448200351:security-group/sg-00857d8d4942bd6ef",
                            "description": "Allows all traffic",
                            "egress.#": "1",
                            "egress.482069346.cidr_blocks.#": "1",
                            "egress.482069346.cidr_blocks.0": "0.0.0.0/0",
                            "egress.482069346.description": "",
                            "egress.482069346.from_port": "0",
                            "egress.482069346.ipv6_cidr_blocks.#": "0",
                            "egress.482069346.prefix_list_ids.#": "0",
                            "egress.482069346.protocol": "-1",
                            "egress.482069346.security_groups.#": "0",
                            "egress.482069346.self": "false",
                            "egress.482069346.to_port": "0",
                            "id": "sg-00857d8d4942bd6ef",
                            "ingress.#": "2",
                            "ingress.482069346.cidr_blocks.#": "1",
                            "ingress.482069346.cidr_blocks.0": "0.0.0.0/0",
                            "ingress.482069346.description": "",
                            "ingress.482069346.from_port": "0",
                            "ingress.482069346.ipv6_cidr_blocks.#": "0",
                            "ingress.482069346.prefix_list_ids.#": "0",
                            "ingress.482069346.protocol": "-1",
                            "ingress.482069346.security_groups.#": "0",
                            "ingress.482069346.self": "false",
                            "ingress.482069346.to_port": "0",
                            "ingress.539401655.cidr_blocks.#": "0",
                            "ingress.539401655.description": "",
                            "ingress.539401655.from_port": "0",
                            "ingress.539401655.ipv6_cidr_blocks.#": "0",
                            "ingress.539401655.prefix_list_ids.#": "0",
                            "ingress.539401655.protocol": "-1",
                            "ingress.539401655.security_groups.#": "1",
                            "ingress.539401655.security_groups.3367570006": "sg-0e414b8e0ce07633e",
                            "ingress.539401655.self": "false",
                            "ingress.539401655.to_port": "0",
                            "name": "ecs-staging",
                            "owner_id": "637448200351",
                            "revoke_rules_on_delete": "false",
                            "tags.%": "0",
                            "vpc_id": "vpc-0ddcb355cc2daa761"
                        },
                        "meta": {
                            "e2bfb730-ecaa-11e6-8f88-34363bc7c4c0": {
                                "create": 600000000000,
                                "delete": 600000000000
                            },
                            "schema_version": "1"
                        },
                        "tainted": false
                    },
                    "deposed": [],
                    "provider": "provider.aws"
                },
                "aws_security_group.load_balancers": {
                    "type": "aws_security_group",
                    "depends_on": [
                        "aws_vpc.main"
                    ],
                    "primary": {
                        "id": "sg-0e414b8e0ce07633e",
                        "attributes": {
                            "arn": "arn:aws:ec2:ap-southeast-2:637448200351:security-group/sg-0e414b8e0ce07633e",
                            "description": "Allows all traffic",
                            "egress.#": "1",
                            "egress.482069346.cidr_blocks.#": "1",
                            "egress.482069346.cidr_blocks.0": "0.0.0.0/0",
                            "egress.482069346.description": "",
                            "egress.482069346.from_port": "0",
                            "egress.482069346.ipv6_cidr_blocks.#": "0",
                            "egress.482069346.prefix_list_ids.#": "0",
                            "egress.482069346.protocol": "-1",
                            "egress.482069346.security_groups.#": "0",
                            "egress.482069346.self": "false",
                            "egress.482069346.to_port": "0",
                            "id": "sg-0e414b8e0ce07633e",
                            "ingress.#": "1",
                            "ingress.482069346.cidr_blocks.#": "1",
                            "ingress.482069346.cidr_blocks.0": "0.0.0.0/0",
                            "ingress.482069346.description": "",
                            "ingress.482069346.from_port": "0",
                            "ingress.482069346.ipv6_cidr_blocks.#": "0",
                            "ingress.482069346.prefix_list_ids.#": "0",
                            "ingress.482069346.protocol": "-1",
                            "ingress.482069346.security_groups.#": "0",
                            "ingress.482069346.self": "false",
                            "ingress.482069346.to_port": "0",
                            "name": "load_balancers",
                            "owner_id": "637448200351",
                            "revoke_rules_on_delete": "false",
                            "tags.%": "0",
                            "vpc_id": "vpc-0ddcb355cc2daa761"
                        },
                        "meta": {
                            "e2bfb730-ecaa-11e6-8f88-34363bc7c4c0": {
                                "create": 600000000000,
                                "delete": 600000000000
                            },
                            "schema_version": "1"
                        },
                        "tainted": false
                    },
                    "deposed": [],
                    "provider": "provider.aws"
                },
                "aws_subnet.main": {
                    "type": "aws_subnet",
                    "depends_on": [
                        "aws_vpc.main"
                    ],
                    "primary": {
                        "id": "subnet-01eda9bd670a71d55",
                        "attributes": {
                            "arn": "arn:aws:ec2:ap-southeast-2:637448200351:subnet/subnet-01eda9bd670a71d55",
                            "assign_ipv6_address_on_creation": "false",
                            "availability_zone": "ap-southeast-2a",
                            "cidr_block": "10.0.1.0/24",
                            "id": "subnet-01eda9bd670a71d55",
                            "ipv6_cidr_block": "",
                            "ipv6_cidr_block_association_id": "",
                            "map_public_ip_on_launch": "false",
                            "tags.%": "1",
                            "tags.Name": "main_subnet1",
                            "vpc_id": "vpc-0ddcb355cc2daa761"
                        },
                        "meta": {
                            "e2bfb730-ecaa-11e6-8f88-34363bc7c4c0": {
                                "create": 600000000000,
                                "delete": 600000000000
                            },
                            "schema_version": "1"
                        },
                        "tainted": false
                    },
                    "deposed": [],
                    "provider": "provider.aws"
                },
                "aws_subnet.secondary": {
                    "type": "aws_subnet",
                    "depends_on": [
                        "aws_vpc.main"
                    ],
                    "primary": {
                        "id": "subnet-07e91152a4f093d5c",
                        "attributes": {
                            "arn": "arn:aws:ec2:ap-southeast-2:637448200351:subnet/subnet-07e91152a4f093d5c",
                            "assign_ipv6_address_on_creation": "false",
                            "availability_zone": "ap-southeast-2c",
                            "cidr_block": "10.0.2.0/24",
                            "id": "subnet-07e91152a4f093d5c",
                            "ipv6_cidr_block": "",
                            "ipv6_cidr_block_association_id": "",
                            "map_public_ip_on_launch": "false",
                            "tags.%": "1",
                            "tags.Name": "main_subnet2",
                            "vpc_id": "vpc-0ddcb355cc2daa761"
                        },
                        "meta": {
                            "e2bfb730-ecaa-11e6-8f88-34363bc7c4c0": {
                                "create": 600000000000,
                                "delete": 600000000000
                            },
                            "schema_version": "1"
                        },
                        "tainted": false
                    },
                    "deposed": [],
                    "provider": "provider.aws"
                },
                "aws_vpc.main": {
                    "type": "aws_vpc",
                    "depends_on": [],
                    "primary": {
                        "id": "vpc-0ddcb355cc2daa761",
                        "attributes": {
                            "arn": "arn:aws:ec2:ap-southeast-2:637448200351:vpc/vpc-0ddcb355cc2daa761",
                            "assign_generated_ipv6_cidr_block": "false",
                            "cidr_block": "10.0.0.0/16",
                            "default_network_acl_id": "acl-0c1c4cc924d24f90a",
                            "default_route_table_id": "rtb-0b0858d256731448d",
                            "default_security_group_id": "sg-050f0f4af75a308a1",
                            "dhcp_options_id": "dopt-40ed0e25",
                            "enable_classiclink": "false",
                            "enable_classiclink_dns_support": "false",
                            "enable_dns_hostnames": "true",
                            "enable_dns_support": "true",
                            "id": "vpc-0ddcb355cc2daa761",
                            "instance_tenancy": "default",
                            "ipv6_association_id": "",
                            "ipv6_cidr_block": "",
                            "main_route_table_id": "rtb-0b0858d256731448d",
                            "tags.%": "0"
                        },
                        "meta": {
                            "schema_version": "1"
                        },
                        "tainted": false
                    },
                    "deposed": [],
                    "provider": "provider.aws"
                }
            },
            "depends_on": []
        }
    ]
}
